
Microsoft Visual Studio Solution File, Format Version 12.00
# Visual Studio 15
VisualStudioVersion = 15.0.27703.2035
MinimumVisualStudioVersion = 10.0.40219.1
Project("{FAE04EC0-301F-11D3-BF4B-00C04F79EFBC}") = "FizzBuzz.Library", "FizzBuzz.Library\FizzBuzz.Library.csproj", "{3BF568A0-6590-4284-AB3A-5988FF8E78F2}"
EndProject
Project("{FAE04EC0-301F-11D3-BF4B-00C04F79EFBC}") = "FizzBuzz", "FizzBuzz\FizzBuzz.csproj", "{30BC9F25-369C-4E29-BBC9-990E80E6196D}"
EndProject
Project("{FAE04EC0-301F-11D3-BF4B-00C04F79EFBC}") = "FizzBuzz.Tests", "FizzBuzz.Tests\FizzBuzz.Tests.csproj", "{8B0FA9CD-DD37-4DFF-A4CF-B6426B8A8F36}"
EndProject
Global
	GlobalSection(SolutionConfigurationPlatforms) = preSolution
		Debug|Any CPU = Debug|Any CPU
		Release|Any CPU = Release|Any CPU
	EndGlobalSection
	GlobalSection(ProjectConfigurationPlatforms) = postSolution
		{3BF568A0-6590-4284-AB3A-5988FF8E78F2}.Debug|Any CPU.ActiveCfg = Debug|Any CPU
		{3BF568A0-6590-4284-AB3A-5988FF8E78F2}.Debug|Any CPU.Build.0 = Debug|Any CPU
		{3BF568A0-6590-4284-AB3A-5988FF8E78F2}.Release|Any CPU.ActiveCfg = Release|Any CPU
		{3BF568A0-6590-4284-AB3A-5988FF8E78F2}.Release|Any CPU.Build.0 = Release|Any CPU
		{30BC9F25-369C-4E29-BBC9-990E80E6196D}.Debug|Any CPU.ActiveCfg = Debug|Any CPU
		{30BC9F25-369C-4E29-BBC9-990E80E6196D}.Debug|Any CPU.Build.0 = Debug|Any CPU
		{30BC9F25-369C-4E29-BBC9-990E80E6196D}.Release|Any CPU.ActiveCfg = Release|Any CPU
		{30BC9F25-369C-4E29-BBC9-990E80E6196D}.Release|Any CPU.Build.0 = Release|Any CPU
		{8B0FA9CD-DD37-4DFF-A4CF-B6426B8A8F36}.Debug|Any CPU.ActiveCfg = Debug|Any CPU
		{8B0FA9CD-DD37-4DFF-A4CF-B6426B8A8F36}.Debug|Any CPU.Build.0 = Debug|Any CPU
		{8B0FA9CD-DD37-4DFF-A4CF-B6426B8A8F36}.Release|Any CPU.ActiveCfg = Release|Any CPU
		{8B0FA9CD-DD37-4DFF-A4CF-B6426B8A8F36}.Release|Any CPU.Build.0 = Release|Any CPU
	EndGlobalSection
	GlobalSection(SolutionProperties) = preSolution
		HideSolutionNode = FALSE
	EndGlobalSection
	GlobalSection(ExtensibilityGlobals) = postSolution
		SolutionGuid = {0F3A0B8C-9849-4AC2-AF7B-A2998E27BB07}
	EndGlobalSection
EndGlobal
